github.com/iafrotamacedo-cloud/era-read v0.0.0-20260915170751-32bb9d0a53c7 h1:zhYRnq8lmj5/O0xs5+/tYdUMMjBjnAfp+UMeoL1yW5o=
github.com/iafrotamacedo-cloud/era-read v0.0.0-20260915170751-32bb9d0a53c7/go.mod h1:y0vKZY04gNxoGjNltSaqfQQMtJ9hLPF2QALLpdqPbSw=
github.com/iafrotamacedo-cloud/era-regen v0.0.0-20260915170819-71b3346d8784 h1:PpSbnDbZ7wWPeEigt9DpNl6tetIzus2704hrqN3yOgY=
github.com/iafrotamacedo-cloud/era-regen v0.0.0-20260915170819-71b3346d8784/go.mod h1:uW9d3UJwCATkLGpnIOKZ9w7ypLRKkJvh/Dj5w0tGvfA=
